// !$*UTF8*$!
{
	archiveVersion = 1;
	classes = {
	};
	objectVersion = 56;
	objects = {

/* Begin PBXBuildFile section */
		44AA2C7B2BA1CF0A00666153 /* Verification.swift in Sources */ = {isa = PBXBuildFile; fileRef = 44AA2C7A2BA1CF0A00666153 /* Verification.swift */; };
		44AA2C7D2BA1E1EC00666153 /* SendHttp.swift in Sources */ = {isa = PBXBuildFile; fileRef = 44AA2C7C2BA1E1EC00666153 /* SendHttp.swift */; };
		44D3D9472B9F027100AEE015 /* ContentView.swift in Sources */ = {isa = PBXBuildFile; fileRef = 44D3D9462B9F027100AEE015 /* ContentView.swift */; };
		44D3D9492B9F027200AEE015 /* Assets.xcassets in Resources */ = {isa = PBXBuildFile; fileRef = 44D3D9482B9F027200AEE015 /* Assets.xcassets */; };
		44D3D94C2B9F027200AEE015 /* Preview Assets.xcassets in Resources */ = {isa = PBXBuildFile; fileRef = 44D3D94B2B9F027200AEE015 /* Preview Assets.xcassets */; };
		44D3D9532B9F02A600AEE015 /* Porche911Video.mp4 in Resources */ = {isa = PBXBuildFile; fileRef = 44D3D9522B9F02A600AEE015 /* Porche911Video.mp4 */; };
		44D3D9552B9F02E500AEE015 /* ViewController.swift in Sources */ = {isa = PBXBuildFile; fileRef = 44D3D9542B9F02E500AEE015 /* ViewController.swift */; };
		44D3D9572B9F05FD00AEE015 /* DashTrackerpp.swift in Sources */ = {isa = PBXBuildFile; fileRef = 44D3D9562B9F05FD00AEE015 /* DashTrackerpp.swift */; };
		44D3D9602B9F21EE00AEE015 /* LoginView.swift in Sources */ = {isa = PBXBuildFile; fileRef = 44D3D95F2B9F21EE00AEE015 /* LoginView.swift */; };
		44D3D9642BA1995C00AEE015 /* Life360TestLogo.png in Resources */ = {isa = PBXBuildFile; fileRef = 44D3D9632BA1995C00AEE015 /* Life360TestLogo.png */; };
		44D3D9682BA19BEB00AEE015 /* Life360.png in Resources */ = {isa = PBXBuildFile; fileRef = 44D3D9672BA19BEB00AEE015 /* Life360.png */; };
		44D3D96C2BA19EC800AEE015 /* Life360AppIcon.jpeg in Resources */ = {isa = PBXBuildFile; fileRef = 44D3D96B2BA19EC800AEE015 /* Life360AppIcon.jpeg */; };
		44D3D9712BA1A10C00AEE015 /* LoginViewModel.swift in Sources */ = {isa = PBXBuildFile; fileRef = 44D3D9702BA1A10C00AEE015 /* LoginViewModel.swift */; };
		44D3D9742BA1A17C00AEE015 /* Countries.swift in Sources */ = {isa = PBXBuildFile; fileRef = 44D3D9732BA1A17C00AEE015 /* Countries.swift */; };
/* End PBXBuildFile section */

/* Begin PBXFileReference section */
		44AA2C7A2BA1CF0A00666153 /* Verification.swift */ = {isa = PBXFileReference; lastKnownFileType = sourcecode.swift; path = Verification.swift; sourceTree = "<group>"; };
		44AA2C7C2BA1E1EC00666153 /* SendHttp.swift */ = {isa = PBXFileReference; lastKnownFileType = sourcecode.swift; path = SendHttp.swift; sourceTree = "<group>"; };
		44D3D9412B9F027100AEE015 /* DashTracker.app */ = {isa = PBXFileReference; explicitFileType = wrapper.application; includeInIndex = 0; path = DashTracker.app; sourceTree = BUILT_PRODUCTS_DIR; };
		44D3D9462B9F027100AEE015 /* ContentView.swift */ = {isa = PBXFileReference; lastKnownFileType = sourcecode.swift; path = ContentView.swift; sourceTree = "<group>"; };
		44D3D9482B9F027200AEE015 /* Assets.xcassets */ = {isa = PBXFileReference; lastKnownFileType = folder.assetcatalog; path = Assets.xcassets; sourceTree = "<group>"; };
		44D3D94B2B9F027200AEE015 /* Preview Assets.xcassets */ = {isa = PBXFileReference; lastKnownFileType = folder.assetcatalog; path = "Preview Assets.xcassets"; sourceTree = "<group>"; };
		44D3D9522B9F02A600AEE015 /* Porche911Video.mp4 */ = {isa = PBXFileReference; lastKnownFileType = file; path = Porche911Video.mp4; sourceTree = "<group>"; };
		44D3D9542B9F02E500AEE015 /* ViewController.swift */ = {isa = PBXFileReference; lastKnownFileType = sourcecode.swift; path = ViewController.swift; sourceTree = "<group>"; };
		44D3D9562B9F05FD00AEE015 /* DashTrackerpp.swift */ = {isa = PBXFileReference; fileEncoding = 4; lastKnownFileType = sourcecode.swift; path = DashTrackerpp.swift; sourceTree = "<group>"; };
		44D3D95F2B9F21EE00AEE015 /* LoginView.swift */ = {isa = PBXFileReference; lastKnownFileType = sourcecode.swift; path = LoginView.swift; sourceTree = "<group>"; };
		44D3D9632BA1995C00AEE015 /* Life360TestLogo.png */ = {isa = PBXFileReference; lastKnownFileType = image.png; path = Life360TestLogo.png; sourceTree = "<group>"; };
		44D3D9672BA19BEB00AEE015 /* Life360.png */ = {isa = PBXFileReference; lastKnownFileType = image.png; path = Life360.png; sourceTree = "<group>"; };
		44D3D96B2BA19EC800AEE015 /* Life360AppIcon.jpeg */ = {isa = PBXFileReference; lastKnownFileType = image.jpeg; path = Life360AppIcon.jpeg; sourceTree = "<group>"; };
		44D3D9702BA1A10C00AEE015 /* LoginViewModel.swift */ = {isa = PBXFileReference; lastKnownFileType = sourcecode.swift; path = LoginViewModel.swift; sourceTree = "<group>"; };
		44D3D9732BA1A17C00AEE015 /* Countries.swift */ = {isa = PBXFileReference; lastKnownFileType = sourcecode.swift; path = Countries.swift; sourceTree = "<group>"; };
/* End PBXFileReference section */

/* Begin PBXFrameworksBuildPhase section */
		44D3D93E2B9F027100AEE015 /* Frameworks */ = {
			isa = PBXFrameworksBuildPhase;
			buildActionMask = 2147483647;
			files = (
			);
			runOnlyForDeploymentPostprocessing = 0;
		};
/* End PBXFrameworksBuildPhase section */

/* Begin PBXGroup section */
		44D3D9382B9F027100AEE015 = {
			isa = PBXGroup;
			children = (
				44D3D9432B9F027100AEE015 /* DashTracker */,
				44D3D9422B9F027100AEE015 /* Products */,
			);
			sourceTree = "<group>";
		};
		44D3D9422B9F027100AEE015 /* Products */ = {
			isa = PBXGroup;
			children = (
				44D3D9412B9F027100AEE015 /* DashTracker.app */,
			);
			name = Products;
			sourceTree = "<group>";
		};
		44D3D9432B9F027100AEE015 /* DashTracker */ = {
			isa = PBXGroup;
			children = (
				44D3D9722BA1A16600AEE015 /* Model */,
				44D3D96D2BA1A0D600AEE015 /* ViewModel */,
				44D3D95E2B9F21DE00AEE015 /* Views */,
				44D3D9462B9F027100AEE015 /* ContentView.swift */,
				44D3D9562B9F05FD00AEE015 /* DashTrackerpp.swift */,
				44D3D9542B9F02E500AEE015 /* ViewController.swift */,
				44D3D9582B9F07E300AEE015 /* Media */,
				44D3D9482B9F027200AEE015 /* Assets.xcassets */,
				44D3D94A2B9F027200AEE015 /* Preview Content */,
			);
			path = DashTracker;
			sourceTree = "<group>";
		};
		44D3D94A2B9F027200AEE015 /* Preview Content */ = {
			isa = PBXGroup;
			children = (
				44D3D94B2B9F027200AEE015 /* Preview Assets.xcassets */,
			);
			path = "Preview Content";
			sourceTree = "<group>";
		};
		44D3D9582B9F07E300AEE015 /* Media */ = {
			isa = PBXGroup;
			children = (
				44D3D96B2BA19EC800AEE015 /* Life360AppIcon.jpeg */,
				44D3D9672BA19BEB00AEE015 /* Life360.png */,
				44D3D9632BA1995C00AEE015 /* Life360TestLogo.png */,
				44D3D9522B9F02A600AEE015 /* Porche911Video.mp4 */,
			);
			path = Media;
			sourceTree = "<group>";
		};
		44D3D95E2B9F21DE00AEE015 /* Views */ = {
			isa = PBXGroup;
			children = (
				44D3D95F2B9F21EE00AEE015 /* LoginView.swift */,
				44AA2C7A2BA1CF0A00666153 /* Verification.swift */,
			);
			path = Views;
			sourceTree = "<group>";
		};
		44D3D96D2BA1A0D600AEE015 /* ViewModel */ = {
			isa = PBXGroup;
			children = (
				44D3D9702BA1A10C00AEE015 /* LoginViewModel.swift */,
			);
			path = ViewModel;
			sourceTree = "<group>";
		};
		44D3D9722BA1A16600AEE015 /* Model */ = {
			isa = PBXGroup;
			children = (
				44D3D9732BA1A17C00AEE015 /* Countries.swift */,
				44AA2C7C2BA1E1EC00666153 /* SendHttp.swift */,
			);
			path = Model;
			sourceTree = "<group>";
		};
/* End PBXGroup section */

/* Begin PBXNativeTarget section */
		44D3D9402B9F027100AEE015 /* DashTracker */ = {
			isa = PBXNativeTarget;
			buildConfigurationList = 44D3D94F2B9F027200AEE015 /* Build configuration list for PBXNativeTarget "DashTracker" */;
			buildPhases = (
				44D3D93D2B9F027100AEE015 /* Sources */,
				44D3D93E2B9F027100AEE015 /* Frameworks */,
				44D3D93F2B9F027100AEE015 /* Resources */,
			);
			buildRules = (
			);
			dependencies = (
			);
			name = DashTracker;
			productName = DashTracker;
			productReference = 44D3D9412B9F027100AEE015 /* DashTracker.app */;
			productType = "com.apple.product-type.application";
		};
/* End PBXNativeTarget section */

/* Begin PBXProject section */
		44D3D9392B9F027100AEE015 /* Project object */ = {
			isa = PBXProject;
			attributes = {
				BuildIndependentTargetsInParallel = 1;
				LastSwiftUpdateCheck = 1530;
				LastUpgradeCheck = 1530;
				TargetAttributes = {
					44D3D9402B9F027100AEE015 = {
						CreatedOnToolsVersion = 15.3;
					};
				};
			};
			buildConfigurationList = 44D3D93C2B9F027100AEE015 /* Build configuration list for PBXProject "DashTracker" */;
			compatibilityVersion = "Xcode 14.0";
			developmentRegion = en;
			hasScannedForEncodings = 0;
			knownRegions = (
				en,
				Base,
			);
			mainGroup = 44D3D9382B9F027100AEE015;
			productRefGroup = 44D3D9422B9F027100AEE015 /* Products */;
			projectDirPath = "";
			projectRoot = "";
			targets = (
				44D3D9402B9F027100AEE015 /* DashTracker */,
			);
		};
/* End PBXProject section */

/* Begin PBXResourcesBuildPhase section */
		44D3D93F2B9F027100AEE015 /* Resources */ = {
			isa = PBXResourcesBuildPhase;
			buildActionMask = 2147483647;
			files = (
				44D3D9682BA19BEB00AEE015 /* Life360.png in Resources */,
				44D3D9642BA1995C00AEE015 /* Life360TestLogo.png in Resources */,
				44D3D94C2B9F027200AEE015 /* Preview Assets.xcassets in Resources */,
				44D3D9532B9F02A600AEE015 /* Porche911Video.mp4 in Resources */,
				44D3D96C2BA19EC800AEE015 /* Life360AppIcon.jpeg in Resources */,
				44D3D9492B9F027200AEE015 /* Assets.xcassets in Resources */,
			);
			runOnlyForDeploymentPostprocessing = 0;
		};
/* End PBXResourcesBuildPhase section */

/* Begin PBXSourcesBuildPhase section */
		44D3D93D2B9F027100AEE015 /* Sources */ = {
			isa = PBXSourcesBuildPhase;
			buildActionMask = 2147483647;
			files = (
				44D3D9552B9F02E500AEE015 /* ViewController.swift in Sources */,
				44D3D9472B9F027100AEE015 /* ContentView.swift in Sources */,
				44D3D9602B9F21EE00AEE015 /* LoginView.swift in Sources */,
				44AA2C7D2BA1E1EC00666153 /* SendHttp.swift in Sources */,
				44D3D9712BA1A10C00AEE015 /* LoginViewModel.swift in Sources */,
				44AA2C7B2BA1CF0A00666153 /* Verification.swift in Sources */,
				44D3D9742BA1A17C00AEE015 /* Countries.swift in Sources */,
				44D3D9572B9F05FD00AEE015 /* DashTrackerpp.swift in Sources */,
			);
			runOnlyForDeploymentPostprocessing = 0;
		};
/* End PBXSourcesBuildPhase section */

/* Begin XCBuildConfiguration section */
		44D3D94D2B9F027200AEE015 /* Debug */ = {
			isa = XCBuildConfiguration;
			buildSettings = {
				ALWAYS_SEARCH_USER_PATHS = NO;
				ASSETCATALOG_COMPILER_GENERATE_SWIFT_ASSET_SYMBOL_EXTENSIONS = YES;
				CLANG_ANALYZER_NONNULL = YES;
				CLANG_ANALYZER_NUMBER_OBJECT_CONVERSION = YES_AGGRESSIVE;
				CLANG_CXX_LANGUAGE_STANDARD = "gnu++20";
				CLANG_ENABLE_MODULES = YES;
				CLANG_ENABLE_OBJC_ARC = YES;
				CLANG_ENABLE_OBJC_WEAK = YES;
				CLANG_WARN_BLOCK_CAPTURE_AUTORELEASING = YES;
				CLANG_WARN_BOOL_CONVERSION = YES;
				CLANG_WARN_COMMA = YES;
				CLANG_WARN_CONSTANT_CONVERSION = YES;
				CLANG_WARN_DEPRECATED_OBJC_IMPLEMENTATIONS = YES;
				CLANG_WARN_DIRECT_OBJC_ISA_USAGE = YES_ERROR;
				CLANG_WARN_DOCUMENTATION_COMMENTS = YES;
				CLANG_WARN_EMPTY_BODY = YES;
				CLANG_WARN_ENUM_CONVERSION = YES;
				CLANG_WARN_INFINITE_RECURSION = YES;
				CLANG_WARN_INT_CONVERSION = YES;
				CLANG_WARN_NON_LITERAL_NULL_CONVERSION = YES;
				CLANG_WARN_OBJC_IMPLICIT_RETAIN_SELF = YES;
				CLANG_WARN_OBJC_LITERAL_CONVERSION = YES;
				CLANG_WARN_OBJC_ROOT_CLASS = YES_ERROR;
				CLANG_WARN_QUOTED_INCLUDE_IN_FRAMEWORK_HEADER = YES;
				CLANG_WARN_RANGE_LOOP_ANALYSIS = YES;
				CLANG_WARN_STRICT_PROTOTYPES = YES;
				CLANG_WARN_SUSPICIOUS_MOVE = YES;
				CLANG_WARN_UNGUARDED_AVAILABILITY = YES_AGGRESSIVE;
				CLANG_WARN_UNREACHABLE_CODE = YES;
				CLANG_WARN__DUPLICATE_METHOD_MATCH = YES;
				COPY_PHASE_STRIP = NO;
				DEBUG_INFORMATION_FORMAT = dwarf;
				ENABLE_STRICT_OBJC_MSGSEND = YES;
				ENABLE_TESTABILITY = YES;
				ENABLE_USER_SCRIPT_SANDBOXING = YES;
				GCC_C_LANGUAGE_STANDARD = gnu17;
				GCC_DYNAMIC_NO_PIC = NO;
				GCC_NO_COMMON_BLOCKS = YES;
				GCC_OPTIMIZATION_LEVEL = 0;
				GCC_PREPROCESSOR_DEFINITIONS = (
					"DEBUG=1",
					"$(inherited)",
				);
				GCC_WARN_64_TO_32_BIT_CONVERSION = YES;
				GCC_WARN_ABOUT_RETURN_TYPE = YES_ERROR;
				GCC_WARN_UNDECLARED_SELECTOR = YES;
				GCC_WARN_UNINITIALIZED_AUTOS = YES_AGGRESSIVE;
				GCC_WARN_UNUSED_FUNCTION = YES;
				GCC_WARN_UNUSED_VARIABLE = YES;
				IPHONEOS_DEPLOYMENT_TARGET = 17.4;
				LOCALIZATION_PREFERS_STRING_CATALOGS = YES;
				MTL_ENABLE_DEBUG_INFO = INCLUDE_SOURCE;
				MTL_FAST_MATH = YES;
				ONLY_ACTIVE_ARCH = YES;
				SDKROOT = iphoneos;
				SWIFT_ACTIVE_COMPILATION_CONDITIONS = "DEBUG $(inherited)";
				SWIFT_OPTIMIZATION_LEVEL = "-Onone";
			};
			name = Debug;
		};
		44D3D94E2B9F027200AEE015 /* Release */ = {
			isa = XCBuildConfiguration;
			buildSettings = {
				ALWAYS_SEARCH_USER_PATHS = NO;
				ASSETCATALOG_COMPILER_GENERATE_SWIFT_ASSET_SYMBOL_EXTENSIONS = YES;
				CLANG_ANALYZER_NONNULL = YES;
				CLANG_ANALYZER_NUMBER_OBJECT_CONVERSION = YES_AGGRESSIVE;
				CLANG_CXX_LANGUAGE_STANDARD = "gnu++20";
				CLANG_ENABLE_MODULES = YES;
				CLANG_ENABLE_OBJC_ARC = YES;
				CLANG_ENABLE_OBJC_WEAK = YES;
				CLANG_WARN_BLOCK_CAPTURE_AUTORELEASING = YES;
				CLANG_WARN_BOOL_CONVERSION = YES;
				CLANG_WARN_COMMA = YES;
				CLANG_WARN_CONSTANT_CONVERSION = YES;
				CLANG_WARN_DEPRECATED_OBJC_IMPLEMENTATIONS = YES;
				CLANG_WARN_DIRECT_OBJC_ISA_USAGE = YES_ERROR;
				CLANG_WARN_DOCUMENTATION_COMMENTS = YES;
				CLANG_WARN_EMPTY_BODY = YES;
				CLANG_WARN_ENUM_CONVERSION = YES;
				CLANG_WARN_INFINITE_RECURSION = YES;
				CLANG_WARN_INT_CONVERSION = YES;
				CLANG_WARN_NON_LITERAL_NULL_CONVERSION = YES;
				CLANG_WARN_OBJC_IMPLICIT_RETAIN_SELF = YES;
				CLANG_WARN_OBJC_LITERAL_CONVERSION = YES;
				CLANG_WARN_OBJC_ROOT_CLASS = YES_ERROR;
				CLANG_WARN_QUOTED_INCLUDE_IN_FRAMEWORK_HEADER = YES;
				CLANG_WARN_RANGE_LOOP_ANALYSIS = YES;
				CLANG_WARN_STRICT_PROTOTYPES = YES;
				CLANG_WARN_SUSPICIOUS_MOVE = YES;
				CLANG_WARN_UNGUARDED_AVAILABILITY = YES_AGGRESSIVE;
				CLANG_WARN_UNREACHABLE_CODE = YES;
				CLANG_WARN__DUPLICATE_METHOD_MATCH = YES;
				COPY_PHASE_STRIP = NO;
				DEBUG_INFORMATION_FORMAT = "dwarf-with-dsym";
				ENABLE_NS_ASSERTIONS = NO;
				ENABLE_STRICT_OBJC_MSGSEND = YES;
				ENABLE_USER_SCRIPT_SANDBOXING = YES;
				GCC_C_LANGUAGE_STANDARD = gnu17;
				GCC_NO_COMMON_BLOCKS = YES;
				GCC_WARN_64_TO_32_BIT_CONVERSION = YES;
				GCC_WARN_ABOUT_RETURN_TYPE = YES_ERROR;
				GCC_WARN_UNDECLARED_SELECTOR = YES;
				GCC_WARN_UNINITIALIZED_AUTOS = YES_AGGRESSIVE;
				GCC_WARN_UNUSED_FUNCTION = YES;
				GCC_WARN_UNUSED_VARIABLE = YES;
				IPHONEOS_DEPLOYMENT_TARGET = 17.4;
				LOCALIZATION_PREFERS_STRING_CATALOGS = YES;
				MTL_ENABLE_DEBUG_INFO = NO;
				MTL_FAST_MATH = YES;
				SDKROOT = iphoneos;
				SWIFT_COMPILATION_MODE = wholemodule;
				VALIDATE_PRODUCT = YES;
			};
			name = Release;
		};
		44D3D9502B9F027200AEE015 /* Debug */ = {
			isa = XCBuildConfiguration;
			buildSettings = {
				ASSETCATALOG_COMPILER_APPICON_NAME = AppIcon;
				ASSETCATALOG_COMPILER_GLOBAL_ACCENT_COLOR_NAME = AccentColor;
				CODE_SIGN_STYLE = Automatic;
				CURRENT_PROJECT_VERSION = 1;
				DEVELOPMENT_ASSET_PATHS = "\"DashTracker/Preview Content\"";
				DEVELOPMENT_TEAM = 9SJGQHN2KT;
				ENABLE_PREVIEWS = YES;
				GENERATE_INFOPLIST_FILE = YES;
				INFOPLIST_KEY_UIApplicationSceneManifest_Generation = YES;
				INFOPLIST_KEY_UIApplicationSupportsIndirectInputEvents = YES;
				INFOPLIST_KEY_UILaunchScreen_Generation = YES;
				INFOPLIST_KEY_UISupportedInterfaceOrientations_iPad = "UIInterfaceOrientationPortrait UIInterfaceOrientationPortraitUpsideDown UIInterfaceOrientationLandscapeLeft UIInterfaceOrientationLandscapeRight";
				INFOPLIST_KEY_UISupportedInterfaceOrientations_iPhone = "UIInterfaceOrientationPortrait UIInterfaceOrientationLandscapeLeft UIInterfaceOrientationLandscapeRight";
				LD_RUNPATH_SEARCH_PATHS = (
					"$(inherited)",
					"@executable_path/Frameworks",
				);
				MARKETING_VERSION = 1.0;
				PRODUCT_BUNDLE_IDENTIFIER = "Va-gen-VGS-Elever.DashTracker";
				PRODUCT_NAME = "$(TARGET_NAME)";
				SWIFT_EMIT_LOC_STRINGS = YES;
				SWIFT_VERSION = 5.0;
				TARGETED_DEVICE_FAMILY = "1,2";
			};
			name = Debug;
		};
		44D3D9512B9F027200AEE015 /* Release */ = {
			isa = XCBuildConfiguration;
			buildSettings = {
				ASSETCATALOG_COMPILER_APPICON_NAME = AppIcon;
				ASSETCATALOG_COMPILER_GLOBAL_ACCENT_COLOR_NAME = AccentColor;
				CODE_SIGN_STYLE = Automatic;
				CURRENT_PROJECT_VERSION = 1;
				DEVELOPMENT_ASSET_PATHS = "\"DashTracker/Preview Content\"";
				DEVELOPMENT_TEAM = 9SJGQHN2KT;
				ENABLE_PREVIEWS = YES;
				GENERATE_INFOPLIST_FILE = YES;
				INFOPLIST_KEY_UIApplicationSceneManifest_Generation = YES;
				INFOPLIST_KEY_UIApplicationSupportsIndirectInputEvents = YES;
				INFOPLIST_KEY_UILaunchScreen_Generation = YES;
				INFOPLIST_KEY_UISupportedInterfaceOrientations_iPad = "UIInterfaceOrientationPortrait UIInterfaceOrientationPortraitUpsideDown UIInterfaceOrientationLandscapeLeft UIInterfaceOrientationLandscapeRight";
				INFOPLIST_KEY_UISupportedInterfaceOrientations_iPhone = "UIInterfaceOrientationPortrait UIInterfaceOrientationLandscapeLeft UIInterfaceOrientationLandscapeRight";
				LD_RUNPATH_SEARCH_PATHS = (
					"$(inherited)",
					"@executable_path/Frameworks",
				);
				MARKETING_VERSION = 1.0;
				PRODUCT_BUNDLE_IDENTIFIER = "Va-gen-VGS-Elever.DashTracker";
				PRODUCT_NAME = "$(TARGET_NAME)";
				SWIFT_EMIT_LOC_STRINGS = YES;
				SWIFT_VERSION = 5.0;
				TARGETED_DEVICE_FAMILY = "1,2";
			};
			name = Release;
		};
/* End XCBuildConfiguration section */

/* Begin XCConfigurationList section */
		44D3D93C2B9F027100AEE015 /* Build configuration list for PBXProject "DashTracker" */ = {
			isa = XCConfigurationList;
			buildConfigurations = (
				44D3D94D2B9F027200AEE015 /* Debug */,
				44D3D94E2B9F027200AEE015 /* Release */,
			);
			defaultConfigurationIsVisible = 0;
			defaultConfigurationName = Release;
		};
		44D3D94F2B9F027200AEE015 /* Build configuration list for PBXNativeTarget "DashTracker" */ = {
			isa = XCConfigurationList;
			buildConfigurations = (
				44D3D9502B9F027200AEE015 /* Debug */,
				44D3D9512B9F027200AEE015 /* Release */,
			);
			defaultConfigurationIsVisible = 0;
			defaultConfigurationName = Release;
		};
/* End XCConfigurationList section */
	};
	rootObject = 44D3D9392B9F027100AEE015 /* Project object */;
}
